// !$*UTF8*$!
{
	archiveVersion = 1;
	classes = {
	};
	objectVersion = 55;
	objects = {

/* Begin PBXBuildFile section */
		13FB2C86AEE59B2D464F34BD /* Pods_Startuper.framework in Frameworks */ = {isa = PBXBuildFile; fileRef = FA3574801E152F7592AAED11 /* Pods_Startuper.framework */; };
		B80A47E62979BCA600A518A7 /* AppDelegate.swift in Sources */ = {isa = PBXBuildFile; fileRef = B80A47E52979BCA600A518A7 /* AppDelegate.swift */; };
		B80A47E82979BCA600A518A7 /* SceneDelegate.swift in Sources */ = {isa = PBXBuildFile; fileRef = B80A47E72979BCA600A518A7 /* SceneDelegate.swift */; };
		B80A47EA2979BCA600A518A7 /* HomeViewController.swift in Sources */ = {isa = PBXBuildFile; fileRef = B80A47E92979BCA600A518A7 /* HomeViewController.swift */; };
		B80A47EF2979BCA600A518A7 /* Assets.xcassets in Resources */ = {isa = PBXBuildFile; fileRef = B80A47EE2979BCA600A518A7 /* Assets.xcassets */; };
		B80A47F22979BCA600A518A7 /* LaunchScreen.storyboard in Resources */ = {isa = PBXBuildFile; fileRef = B80A47F02979BCA600A518A7 /* LaunchScreen.storyboard */; };
		B877C7472979C07500BA08F0 /* TabBarController.swift in Sources */ = {isa = PBXBuildFile; fileRef = B877C7462979C07500BA08F0 /* TabBarController.swift */; };
		B8D396D9297B12C300AD909F /* TabBarPresenter.swift in Sources */ = {isa = PBXBuildFile; fileRef = B8D396D8297B12C300AD909F /* TabBarPresenter.swift */; };
		B8D396DB297B14C000AD909F /* ProfileViewController.swift in Sources */ = {isa = PBXBuildFile; fileRef = B8D396DA297B14C000AD909F /* ProfileViewController.swift */; };
		B8D396DD297B14CB00AD909F /* ChatsViewController.swift in Sources */ = {isa = PBXBuildFile; fileRef = B8D396DC297B14CB00AD909F /* ChatsViewController.swift */; };
		B8D396DF297B14E100AD909F /* FavouriteViewController.swift in Sources */ = {isa = PBXBuildFile; fileRef = B8D396DE297B14E100AD909F /* FavouriteViewController.swift */; };
/* End PBXBuildFile section */

/* Begin PBXFileReference section */
		91ACA587AD59F399C5EAC106 /* Pods-Startuper.release.xcconfig */ = {isa = PBXFileReference; includeInIndex = 1; lastKnownFileType = text.xcconfig; name = "Pods-Startuper.release.xcconfig"; path = "Target Support Files/Pods-Startuper/Pods-Startuper.release.xcconfig"; sourceTree = "<group>"; };
		A9DF1146D1022035BC3578E9 /* Pods-Startuper.debug.xcconfig */ = {isa = PBXFileReference; includeInIndex = 1; lastKnownFileType = text.xcconfig; name = "Pods-Startuper.debug.xcconfig"; path = "Target Support Files/Pods-Startuper/Pods-Startuper.debug.xcconfig"; sourceTree = "<group>"; };
		B80A47E22979BCA600A518A7 /* Startuper.app */ = {isa = PBXFileReference; explicitFileType = wrapper.application; includeInIndex = 0; path = Startuper.app; sourceTree = BUILT_PRODUCTS_DIR; };
		B80A47E52979BCA600A518A7 /* AppDelegate.swift */ = {isa = PBXFileReference; lastKnownFileType = sourcecode.swift; path = AppDelegate.swift; sourceTree = "<group>"; };
		B80A47E72979BCA600A518A7 /* SceneDelegate.swift */ = {isa = PBXFileReference; lastKnownFileType = sourcecode.swift; path = SceneDelegate.swift; sourceTree = "<group>"; };
		B80A47E92979BCA600A518A7 /* HomeViewController.swift */ = {isa = PBXFileReference; lastKnownFileType = sourcecode.swift; path = HomeViewController.swift; sourceTree = "<group>"; };
		B80A47EE2979BCA600A518A7 /* Assets.xcassets */ = {isa = PBXFileReference; lastKnownFileType = folder.assetcatalog; path = Assets.xcassets; sourceTree = "<group>"; };
		B80A47F12979BCA600A518A7 /* Base */ = {isa = PBXFileReference; lastKnownFileType = file.storyboard; name = Base; path = Base.lproj/LaunchScreen.storyboard; sourceTree = "<group>"; };
		B80A47F32979BCA600A518A7 /* Info.plist */ = {isa = PBXFileReference; lastKnownFileType = text.plist.xml; path = Info.plist; sourceTree = "<group>"; };
		B877C7462979C07500BA08F0 /* TabBarController.swift */ = {isa = PBXFileReference; lastKnownFileType = sourcecode.swift; path = TabBarController.swift; sourceTree = "<group>"; };
		B8D396D8297B12C300AD909F /* TabBarPresenter.swift */ = {isa = PBXFileReference; lastKnownFileType = sourcecode.swift; path = TabBarPresenter.swift; sourceTree = "<group>"; };
		B8D396DA297B14C000AD909F /* ProfileViewController.swift */ = {isa = PBXFileReference; lastKnownFileType = sourcecode.swift; path = ProfileViewController.swift; sourceTree = "<group>"; };
		B8D396DC297B14CB00AD909F /* ChatsViewController.swift */ = {isa = PBXFileReference; lastKnownFileType = sourcecode.swift; path = ChatsViewController.swift; sourceTree = "<group>"; };
		B8D396DE297B14E100AD909F /* FavouriteViewController.swift */ = {isa = PBXFileReference; lastKnownFileType = sourcecode.swift; path = FavouriteViewController.swift; sourceTree = "<group>"; };
		FA3574801E152F7592AAED11 /* Pods_Startuper.framework */ = {isa = PBXFileReference; explicitFileType = wrapper.framework; includeInIndex = 0; path = Pods_Startuper.framework; sourceTree = BUILT_PRODUCTS_DIR; };
/* End PBXFileReference section */

/* Begin PBXFrameworksBuildPhase section */
		B80A47DF2979BCA600A518A7 /* Frameworks */ = {
			isa = PBXFrameworksBuildPhase;
			buildActionMask = 2147483647;
			files = (
				13FB2C86AEE59B2D464F34BD /* Pods_Startuper.framework in Frameworks */,
			);
			runOnlyForDeploymentPostprocessing = 0;
		};
/* End PBXFrameworksBuildPhase section */

/* Begin PBXGroup section */
		A44C08F0DD1D4F83D181750E /* Frameworks */ = {
			isa = PBXGroup;
			children = (
				FA3574801E152F7592AAED11 /* Pods_Startuper.framework */,
			);
			name = Frameworks;
			sourceTree = "<group>";
		};
		B80A47D92979BCA600A518A7 = {
			isa = PBXGroup;
			children = (
				B80A47E42979BCA600A518A7 /* Startuper */,
				B80A47E32979BCA600A518A7 /* Products */,
				D741864EEEBCE1566562A2FA /* Pods */,
				A44C08F0DD1D4F83D181750E /* Frameworks */,
			);
			sourceTree = "<group>";
		};
		B80A47E32979BCA600A518A7 /* Products */ = {
			isa = PBXGroup;
			children = (
				B80A47E22979BCA600A518A7 /* Startuper.app */,
			);
			name = Products;
			sourceTree = "<group>";
		};
		B80A47E42979BCA600A518A7 /* Startuper */ = {
			isa = PBXGroup;
			children = (
				B8D396D7297B122F00AD909F /* Presenters */,
				B8D396D5297B121700AD909F /* Views */,
				B8D396D6297B122500AD909F /* Models */,
				B80A47E52979BCA600A518A7 /* AppDelegate.swift */,
				B80A47E72979BCA600A518A7 /* SceneDelegate.swift */,
				B80A47EE2979BCA600A518A7 /* Assets.xcassets */,
				B80A47F02979BCA600A518A7 /* LaunchScreen.storyboard */,
				B80A47F32979BCA600A518A7 /* Info.plist */,
			);
			path = Startuper;
			sourceTree = "<group>";
		};
		B8D396D5297B121700AD909F /* Views */ = {
			isa = PBXGroup;
			children = (
				B877C7462979C07500BA08F0 /* TabBarController.swift */,
				B80A47E92979BCA600A518A7 /* HomeViewController.swift */,
				B8D396DC297B14CB00AD909F /* ChatsViewController.swift */,
				B8D396DE297B14E100AD909F /* FavouriteViewController.swift */,
				B8D396DA297B14C000AD909F /* ProfileViewController.swift */,
			);
			path = Views;
			sourceTree = "<group>";
		};
		B8D396D6297B122500AD909F /* Models */ = {
			isa = PBXGroup;
			children = (
			);
			path = Models;
			sourceTree = "<group>";
		};
		B8D396D7297B122F00AD909F /* Presenters */ = {
			isa = PBXGroup;
			children = (
				B8D396D8297B12C300AD909F /* TabBarPresenter.swift */,
			);
			path = Presenters;
			sourceTree = "<group>";
		};
		D741864EEEBCE1566562A2FA /* Pods */ = {
			isa = PBXGroup;
			children = (
				A9DF1146D1022035BC3578E9 /* Pods-Startuper.debug.xcconfig */,
				91ACA587AD59F399C5EAC106 /* Pods-Startuper.release.xcconfig */,
			);
			path = Pods;
			sourceTree = "<group>";
		};
/* End PBXGroup section */

/* Begin PBXNativeTarget section */
		B80A47E12979BCA600A518A7 /* Startuper */ = {
			isa = PBXNativeTarget;
			buildConfigurationList = B80A47F62979BCA600A518A7 /* Build configuration list for PBXNativeTarget "Startuper" */;
			buildPhases = (
				A7B493ACB4086C33FC05F943 /* [CP] Check Pods Manifest.lock */,
				B80A47DE2979BCA600A518A7 /* Sources */,
				B80A47DF2979BCA600A518A7 /* Frameworks */,
				B80A47E02979BCA600A518A7 /* Resources */,
				ACE062C470A6509FDDB47104 /* [CP] Embed Pods Frameworks */,
			);
			buildRules = (
			);
			dependencies = (
			);
			name = Startuper;
			productName = Startuper;
			productReference = B80A47E22979BCA600A518A7 /* Startuper.app */;
			productType = "com.apple.product-type.application";
		};
/* End PBXNativeTarget section */

/* Begin PBXProject section */
		B80A47DA2979BCA600A518A7 /* Project object */ = {
			isa = PBXProject;
			attributes = {
				BuildIndependentTargetsInParallel = 1;
				LastSwiftUpdateCheck = 1420;
				LastUpgradeCheck = 1420;
				TargetAttributes = {
					B80A47E12979BCA600A518A7 = {
						CreatedOnToolsVersion = 14.2;
					};
				};
			};
			buildConfigurationList = B80A47DD2979BCA600A518A7 /* Build configuration list for PBXProject "Startuper" */;
			compatibilityVersion = "Xcode 13.0";
			developmentRegion = en;
			hasScannedForEncodings = 0;
			knownRegions = (
				en,
				Base,
			);
			mainGroup = B80A47D92979BCA600A518A7;
			productRefGroup = B80A47E32979BCA600A518A7 /* Products */;
			projectDirPath = "";
			projectRoot = "";
			targets = (
				B80A47E12979BCA600A518A7 /* Startuper */,
			);
		};
/* End PBXProject section */

/* Begin PBXResourcesBuildPhase section */
		B80A47E02979BCA600A518A7 /* Resources */ = {
			isa = PBXResourcesBuildPhase;
			buildActionMask = 2147483647;
			files = (
				B80A47F22979BCA600A518A7 /* LaunchScreen.storyboard in Resources */,
				B80A47EF2979BCA600A518A7 /* Assets.xcassets in Resources */,
			);
			runOnlyForDeploymentPostprocessing = 0;
		};
/* End PBXResourcesBuildPhase section */

/* Begin PBXShellScriptBuildPhase section */
		A7B493ACB4086C33FC05F943 /* [CP] Check Pods Manifest.lock */ = {
			isa = PBXShellScriptBuildPhase;
			buildActionMask = 2147483647;
			files = (
			);
			inputFileListPaths = (
			);
			inputPaths = (
				"${PODS_PODFILE_DIR_PATH}/Podfile.lock",
				"${PODS_ROOT}/Manifest.lock",
			);
			name = "[CP] Check Pods Manifest.lock";
			outputFileListPaths = (
			);
			outputPaths = (
				"$(DERIVED_FILE_DIR)/Pods-Startuper-checkManifestLockResult.txt",
			);
			runOnlyForDeploymentPostprocessing = 0;
			shellPath = /bin/sh;
			shellScript = "diff \"${PODS_PODFILE_DIR_PATH}/Podfile.lock\" \"${PODS_ROOT}/Manifest.lock\" > /dev/null\nif [ $? != 0 ] ; then\n    # print error to STDERR\n    echo \"error: The sandbox is not in sync with the Podfile.lock. Run 'pod install' or update your CocoaPods installation.\" >&2\n    exit 1\nfi\n# This output is used by Xcode 'outputs' to avoid re-running this script phase.\necho \"SUCCESS\" > \"${SCRIPT_OUTPUT_FILE_0}\"\n";
			showEnvVarsInLog = 0;
		};
		ACE062C470A6509FDDB47104 /* [CP] Embed Pods Frameworks */ = {
			isa = PBXShellScriptBuildPhase;
			buildActionMask = 2147483647;
			files = (
			);
			inputFileListPaths = (
				"${PODS_ROOT}/Target Support Files/Pods-Startuper/Pods-Startuper-frameworks-${CONFIGURATION}-input-files.xcfilelist",
			);
			name = "[CP] Embed Pods Frameworks";
			outputFileListPaths = (
				"${PODS_ROOT}/Target Support Files/Pods-Startuper/Pods-Startuper-frameworks-${CONFIGURATION}-output-files.xcfilelist",
			);
			runOnlyForDeploymentPostprocessing = 0;
			shellPath = /bin/sh;
			shellScript = "\"${PODS_ROOT}/Target Support Files/Pods-Startuper/Pods-Startuper-frameworks.sh\"\n";
			showEnvVarsInLog = 0;
		};
/* End PBXShellScriptBuildPhase section */

/* Begin PBXSourcesBuildPhase section */
		B80A47DE2979BCA600A518A7 /* Sources */ = {
			isa = PBXSourcesBuildPhase;
			buildActionMask = 2147483647;
			files = (
				B8D396DB297B14C000AD909F /* ProfileViewController.swift in Sources */,
				B8D396DD297B14CB00AD909F /* ChatsViewController.swift in Sources */,
				B8D396D9297B12C300AD909F /* TabBarPresenter.swift in Sources */,
				B877C7472979C07500BA08F0 /* TabBarController.swift in Sources */,
				B8D396DF297B14E100AD909F /* FavouriteViewController.swift in Sources */,
				B80A47EA2979BCA600A518A7 /* HomeViewController.swift in Sources */,
				B80A47E62979BCA600A518A7 /* AppDelegate.swift in Sources */,
				B80A47E82979BCA600A518A7 /* SceneDelegate.swift in Sources */,
			);
			runOnlyForDeploymentPostprocessing = 0;
		};
/* End PBXSourcesBuildPhase section */

/* Begin PBXVariantGroup section */
		B80A47F02979BCA600A518A7 /* LaunchScreen.storyboard */ = {
			isa = PBXVariantGroup;
			children = (
				B80A47F12979BCA600A518A7 /* Base */,
			);
			name = LaunchScreen.storyboard;
			sourceTree = "<group>";
		};
/* End PBXVariantGroup section */

/* Begin XCBuildConfiguration section */
		B80A47F42979BCA600A518A7 /* Debug */ = {
			isa = XCBuildConfiguration;
			buildSettings = {
				ALWAYS_SEARCH_USER_PATHS = NO;
				CLANG_ANALYZER_NONNULL = YES;
				CLANG_ANALYZER_NUMBER_OBJECT_CONVERSION = YES_AGGRESSIVE;
				CLANG_CXX_LANGUAGE_STANDARD = "gnu++20";
				CLANG_ENABLE_MODULES = YES;
				CLANG_ENABLE_OBJC_ARC = YES;
				CLANG_ENABLE_OBJC_WEAK = YES;
				CLANG_WARN_BLOCK_CAPTURE_AUTORELEASING = YES;
				CLANG_WARN_BOOL_CONVERSION = YES;
				CLANG_WARN_COMMA = YES;
				CLANG_WARN_CONSTANT_CONVERSION = YES;
				CLANG_WARN_DEPRECATED_OBJC_IMPLEMENTATIONS = YES;
				CLANG_WARN_DIRECT_OBJC_ISA_USAGE = YES_ERROR;
				CLANG_WARN_DOCUMENTATION_COMMENTS = YES;
				CLANG_WARN_EMPTY_BODY = YES;
				CLANG_WARN_ENUM_CONVERSION = YES;
				CLANG_WARN_INFINITE_RECURSION = YES;
				CLANG_WARN_INT_CONVERSION = YES;
				CLANG_WARN_NON_LITERAL_NULL_CONVERSION = YES;
				CLANG_WARN_OBJC_IMPLICIT_RETAIN_SELF = YES;
				CLANG_WARN_OBJC_LITERAL_CONVERSION = YES;
				CLANG_WARN_OBJC_ROOT_CLASS = YES_ERROR;
				CLANG_WARN_QUOTED_INCLUDE_IN_FRAMEWORK_HEADER = YES;
				CLANG_WARN_RANGE_LOOP_ANALYSIS = YES;
				CLANG_WARN_STRICT_PROTOTYPES = YES;
				CLANG_WARN_SUSPICIOUS_MOVE = YES;
				CLANG_WARN_UNGUARDED_AVAILABILITY = YES_AGGRESSIVE;
				CLANG_WARN_UNREACHABLE_CODE = YES;
				CLANG_WARN__DUPLICATE_METHOD_MATCH = YES;
				COPY_PHASE_STRIP = NO;
				DEBUG_INFORMATION_FORMAT = dwarf;
				ENABLE_STRICT_OBJC_MSGSEND = YES;
				ENABLE_TESTABILITY = YES;
				GCC_C_LANGUAGE_STANDARD = gnu11;
				GCC_DYNAMIC_NO_PIC = NO;
				GCC_NO_COMMON_BLOCKS = YES;
				GCC_OPTIMIZATION_LEVEL = 0;
				GCC_PREPROCESSOR_DEFINITIONS = (
					"DEBUG=1",
					"$(inherited)",
				);
				GCC_WARN_64_TO_32_BIT_CONVERSION = YES;
				GCC_WARN_ABOUT_RETURN_TYPE = YES_ERROR;
				GCC_WARN_UNDECLARED_SELECTOR = YES;
				GCC_WARN_UNINITIALIZED_AUTOS = YES_AGGRESSIVE;
				GCC_WARN_UNUSED_FUNCTION = YES;
				GCC_WARN_UNUSED_VARIABLE = YES;
				IPHONEOS_DEPLOYMENT_TARGET = 16.2;
				MTL_ENABLE_DEBUG_INFO = INCLUDE_SOURCE;
				MTL_FAST_MATH = YES;
				ONLY_ACTIVE_ARCH = YES;
				SDKROOT = iphoneos;
				SWIFT_ACTIVE_COMPILATION_CONDITIONS = DEBUG;
				SWIFT_OPTIMIZATION_LEVEL = "-Onone";
			};
			name = Debug;
		};
		B80A47F52979BCA600A518A7 /* Release */ = {
			isa = XCBuildConfiguration;
			buildSettings = {
				ALWAYS_SEARCH_USER_PATHS = NO;
				CLANG_ANALYZER_NONNULL = YES;
				CLANG_ANALYZER_NUMBER_OBJECT_CONVERSION = YES_AGGRESSIVE;
				CLANG_CXX_LANGUAGE_STANDARD = "gnu++20";
				CLANG_ENABLE_MODULES = YES;
				CLANG_ENABLE_OBJC_ARC = YES;
				CLANG_ENABLE_OBJC_WEAK = YES;
				CLANG_WARN_BLOCK_CAPTURE_AUTORELEASING = YES;
				CLANG_WARN_BOOL_CONVERSION = YES;
				CLANG_WARN_COMMA = YES;
				CLANG_WARN_CONSTANT_CONVERSION = YES;
				CLANG_WARN_DEPRECATED_OBJC_IMPLEMENTATIONS = YES;
				CLANG_WARN_DIRECT_OBJC_ISA_USAGE = YES_ERROR;
				CLANG_WARN_DOCUMENTATION_COMMENTS = YES;
				CLANG_WARN_EMPTY_BODY = YES;
				CLANG_WARN_ENUM_CONVERSION = YES;
				CLANG_WARN_INFINITE_RECURSION = YES;
				CLANG_WARN_INT_CONVERSION = YES;
				CLANG_WARN_NON_LITERAL_NULL_CONVERSION = YES;
				CLANG_WARN_OBJC_IMPLICIT_RETAIN_SELF = YES;
				CLANG_WARN_OBJC_LITERAL_CONVERSION = YES;
				CLANG_WARN_OBJC_ROOT_CLASS = YES_ERROR;
				CLANG_WARN_QUOTED_INCLUDE_IN_FRAMEWORK_HEADER = YES;
				CLANG_WARN_RANGE_LOOP_ANALYSIS = YES;
				CLANG_WARN_STRICT_PROTOTYPES = YES;
				CLANG_WARN_SUSPICIOUS_MOVE = YES;
				CLANG_WARN_UNGUARDED_AVAILABILITY = YES_AGGRESSIVE;
				CLANG_WARN_UNREACHABLE_CODE = YES;
				CLANG_WARN__DUPLICATE_METHOD_MATCH = YES;
				COPY_PHASE_STRIP = NO;
				DEBUG_INFORMATION_FORMAT = "dwarf-with-dsym";
				ENABLE_NS_ASSERTIONS = NO;
				ENABLE_STRICT_OBJC_MSGSEND = YES;
				GCC_C_LANGUAGE_STANDARD = gnu11;
				GCC_NO_COMMON_BLOCKS = YES;
				GCC_WARN_64_TO_32_BIT_CONVERSION = YES;
				GCC_WARN_ABOUT_RETURN_TYPE = YES_ERROR;
				GCC_WARN_UNDECLARED_SELECTOR = YES;
				GCC_WARN_UNINITIALIZED_AUTOS = YES_AGGRESSIVE;
				GCC_WARN_UNUSED_FUNCTION = YES;
				GCC_WARN_UNUSED_VARIABLE = YES;
				IPHONEOS_DEPLOYMENT_TARGET = 16.2;
				MTL_ENABLE_DEBUG_INFO = NO;
				MTL_FAST_MATH = YES;
				SDKROOT = iphoneos;
				SWIFT_COMPILATION_MODE = wholemodule;
				SWIFT_OPTIMIZATION_LEVEL = "-O";
				VALIDATE_PRODUCT = YES;
			};
			name = Release;
		};
		B80A47F72979BCA600A518A7 /* Debug */ = {
			isa = XCBuildConfiguration;
			baseConfigurationReference = A9DF1146D1022035BC3578E9 /* Pods-Startuper.debug.xcconfig */;
			buildSettings = {
				ASSETCATALOG_COMPILER_APPICON_NAME = AppIcon;
				ASSETCATALOG_COMPILER_GLOBAL_ACCENT_COLOR_NAME = AccentColor;
				CODE_SIGN_STYLE = Automatic;
				CURRENT_PROJECT_VERSION = 1;
				DEVELOPMENT_TEAM = G77J479352;
				GENERATE_INFOPLIST_FILE = YES;
				INFOPLIST_FILE = Startuper/Info.plist;
				INFOPLIST_KEY_UIApplicationSupportsIndirectInputEvents = YES;
				INFOPLIST_KEY_UILaunchStoryboardName = LaunchScreen;
				INFOPLIST_KEY_UISupportedInterfaceOrientations_iPad = "UIInterfaceOrientationPortrait UIInterfaceOrientationPortraitUpsideDown UIInterfaceOrientationLandscapeLeft UIInterfaceOrientationLandscapeRight";
				INFOPLIST_KEY_UISupportedInterfaceOrientations_iPhone = "UIInterfaceOrientationPortrait UIInterfaceOrientationLandscapeLeft UIInterfaceOrientationLandscapeRight";
				LD_RUNPATH_SEARCH_PATHS = (
					"$(inherited)",
					"@executable_path/Frameworks",
				);
				MARKETING_VERSION = 1.0;
				PRODUCT_BUNDLE_IDENTIFIER = com.artkurbatov.Startuper;
				PRODUCT_NAME = "$(TARGET_NAME)";
				SWIFT_EMIT_LOC_STRINGS = YES;
				SWIFT_VERSION = 5.0;
				TARGETED_DEVICE_FAMILY = "1,2";
			};
			name = Debug;
		};
		B80A47F82979BCA600A518A7 /* Release */ = {
			isa = XCBuildConfiguration;
			baseConfigurationReference = 91ACA587AD59F399C5EAC106 /* Pods-Startuper.release.xcconfig */;
			buildSettings = {
				ASSETCATALOG_COMPILER_APPICON_NAME = AppIcon;
				ASSETCATALOG_COMPILER_GLOBAL_ACCENT_COLOR_NAME = AccentColor;
				CODE_SIGN_STYLE = Automatic;
				CURRENT_PROJECT_VERSION = 1;
				DEVELOPMENT_TEAM = G77J479352;
				GENERATE_INFOPLIST_FILE = YES;
				INFOPLIST_FILE = Startuper/Info.plist;
				INFOPLIST_KEY_UIApplicationSupportsIndirectInputEvents = YES;
				INFOPLIST_KEY_UILaunchStoryboardName = LaunchScreen;
				INFOPLIST_KEY_UISupportedInterfaceOrientations_iPad = "UIInterfaceOrientationPortrait UIInterfaceOrientationPortraitUpsideDown UIInterfaceOrientationLandscapeLeft UIInterfaceOrientationLandscapeRight";
				INFOPLIST_KEY_UISupportedInterfaceOrientations_iPhone = "UIInterfaceOrientationPortrait UIInterfaceOrientationLandscapeLeft UIInterfaceOrientationLandscapeRight";
				LD_RUNPATH_SEARCH_PATHS = (
					"$(inherited)",
					"@executable_path/Frameworks",
				);
				MARKETING_VERSION = 1.0;
				PRODUCT_BUNDLE_IDENTIFIER = com.artkurbatov.Startuper;
				PRODUCT_NAME = "$(TARGET_NAME)";
				SWIFT_EMIT_LOC_STRINGS = YES;
				SWIFT_VERSION = 5.0;
				TARGETED_DEVICE_FAMILY = "1,2";
			};
			name = Release;
		};
/* End XCBuildConfiguration section */

/* Begin XCConfigurationList section */
		B80A47DD2979BCA600A518A7 /* Build configuration list for PBXProject "Startuper" */ = {
			isa = XCConfigurationList;
			buildConfigurations = (
				B80A47F42979BCA600A518A7 /* Debug */,
				B80A47F52979BCA600A518A7 /* Release */,
			);
			defaultConfigurationIsVisible = 0;
			defaultConfigurationName = Release;
		};
		B80A47F62979BCA600A518A7 /* Build configuration list for PBXNativeTarget "Startuper" */ = {
			isa = XCConfigurationList;
			buildConfigurations = (
				B80A47F72979BCA600A518A7 /* Debug */,
				B80A47F82979BCA600A518A7 /* Release */,
			);
			defaultConfigurationIsVisible = 0;
			defaultConfigurationName = Release;
		};
/* End XCConfigurationList section */
	};
	rootObject = B80A47DA2979BCA600A518A7 /* Project object */;
}
